<?xml version="1.0" encoding="utf-8"?>
<Project ToolsVersion="4.0" xmlns="http://schemas.microsoft.com/developer/msbuild/2003">
  <ItemGroup>
    <Text Include="ReadMe.txt" />
  </ItemGroup>
  <ItemGroup>
    <ClCompile Include="stdafx.cpp" />
    <ClCompile Include="main.cpp" />
    <ClCompile Include="MainWindow.cpp" />
    <ClCompile Include="GeneratedFiles\moc_MainWindow.cpp">
      <Filter>GeneratedFiles</Filter>
    </ClCompile>
    <ClCompile Include="Utils.cpp" />
    <ClCompile Include="DlgNavigate.cpp" />
    <ClCompile Include="GeneratedFiles\moc_DlgNavigate.cpp">
      <Filter>GeneratedFiles</Filter>
    </ClCompile>
  </ItemGroup>
  <ItemGroup>
    <ClInclude Include="stdafx.h" />
    <ClInclude Include="Utils.h" />
    <ClInclude Include="DlgNavigate.h" />
    <ClInclude Include="GeneratedFiles\ui_DlgNavigate.h">
      <Filter>GeneratedFiles</Filter>
    </ClInclude>
  </ItemGroup>
  <ItemGroup>
    <CustomBuild Include="MainWindow.h" />
  </ItemGroup>
  <ItemGroup>
    <Filter Include="GeneratedFiles">
      <UniqueIdentifier>{971d9a78-5d0e-4e05-930a-cd5a8d5ee2df}</UniqueIdentifier>
    </Filter>
  </ItemGroup>
  <ItemGroup>
    <None Include="DlgNavigate.ui" />
  </ItemGroup>
</Project>